
Microsoft Visual Studio Solution File, Format Version 12.00
# Visual Studio Version 16
VisualStudioVersion = 16.0.31727.386
MinimumVisualStudioVersion = 10.0.40219.1
Project("{FAE04EC0-301F-11D3-BF4B-00C04F79EFBC}") = "Layout", "Layout\Layout.csproj", "{B43D246F-3E78-42ED-A77F-608A2C2C1E33}"
EndProject
Global
	GlobalSection(SolutionConfigurationPlatforms) = preSolution
		Debug|Any CPU = Debug|Any CPU
		Release|Any CPU = Release|Any CPU
	EndGlobalSection
	GlobalSection(ProjectConfigurationPlatforms) = postSolution
		{B43D246F-3E78-42ED-A77F-608A2C2C1E33}.Debug|Any CPU.ActiveCfg = Debug|Any CPU
		{B43D246F-3E78-42ED-A77F-608A2C2C1E33}.Debug|Any CPU.Build.0 = Debug|Any CPU
		{B43D246F-3E78-42ED-A77F-608A2C2C1E33}.Release|Any CPU.ActiveCfg = Release|Any CPU
		{B43D246F-3E78-42ED-A77F-608A2C2C1E33}.Release|Any CPU.Build.0 = Release|Any CPU
	EndGlobalSection
	GlobalSection(SolutionProperties) = preSolution
		HideSolutionNode = FALSE
	EndGlobalSection
	GlobalSection(ExtensibilityGlobals) = postSolution
		SolutionGuid = {EA803826-3925-4466-BA22-A5A9D096FDA8}
	EndGlobalSection
EndGlobal
