
Microsoft Visual Studio Solution File, Format Version 12.00
# Visual Studio Version 16
VisualStudioVersion = 16.0.31729.503
MinimumVisualStudioVersion = 10.0.40219.1
Project("{FAE04EC0-301F-11D3-BF4B-00C04F79EFBC}") = "MobileRobotCon", "MobileRobotCon\MobileRobotCon.csproj", "{C0EF8BEA-C861-4ECF-96F0-6472D47721EA}"
EndProject
Global
	GlobalSection(SolutionConfigurationPlatforms) = preSolution
		Debug|Any CPU = Debug|Any CPU
		Release|Any CPU = Release|Any CPU
	EndGlobalSection
	GlobalSection(ProjectConfigurationPlatforms) = postSolution
		{C0EF8BEA-C861-4ECF-96F0-6472D47721EA}.Debug|Any CPU.ActiveCfg = Debug|Any CPU
		{C0EF8BEA-C861-4ECF-96F0-6472D47721EA}.Debug|Any CPU.Build.0 = Debug|Any CPU
		{C0EF8BEA-C861-4ECF-96F0-6472D47721EA}.Release|Any CPU.ActiveCfg = Release|Any CPU
		{C0EF8BEA-C861-4ECF-96F0-6472D47721EA}.Release|Any CPU.Build.0 = Release|Any CPU
	EndGlobalSection
	GlobalSection(SolutionProperties) = preSolution
		HideSolutionNode = FALSE
	EndGlobalSection
	GlobalSection(ExtensibilityGlobals) = postSolution
		SolutionGuid = {05415E5D-661C-4B09-824E-E373BF727270}
	EndGlobalSection
EndGlobal
