
Microsoft Visual Studio Solution File, Format Version 12.00
# Visual Studio Version 16
VisualStudioVersion = 16.0.31729.503
MinimumVisualStudioVersion = 10.0.40219.1
Project("{FAE04EC0-301F-11D3-BF4B-00C04F79EFBC}") = "Tacho", "Tacho\Tacho.csproj", "{5DAA9340-FD4B-4B6F-ABA2-85E608B94AB0}"
EndProject
Global
	GlobalSection(SolutionConfigurationPlatforms) = preSolution
		Debug|Any CPU = Debug|Any CPU
		Release|Any CPU = Release|Any CPU
	EndGlobalSection
	GlobalSection(ProjectConfigurationPlatforms) = postSolution
		{5DAA9340-FD4B-4B6F-ABA2-85E608B94AB0}.Debug|Any CPU.ActiveCfg = Debug|Any CPU
		{5DAA9340-FD4B-4B6F-ABA2-85E608B94AB0}.Debug|Any CPU.Build.0 = Debug|Any CPU
		{5DAA9340-FD4B-4B6F-ABA2-85E608B94AB0}.Release|Any CPU.ActiveCfg = Release|Any CPU
		{5DAA9340-FD4B-4B6F-ABA2-85E608B94AB0}.Release|Any CPU.Build.0 = Release|Any CPU
	EndGlobalSection
	GlobalSection(SolutionProperties) = preSolution
		HideSolutionNode = FALSE
	EndGlobalSection
	GlobalSection(ExtensibilityGlobals) = postSolution
		SolutionGuid = {C8FB8DCF-ED8E-4FD2-A212-5C0C2CE91CF9}
	EndGlobalSection
EndGlobal
